{"1.2.0",
[{<<"certifi">>,{pkg,<<"certifi">>,<<"2.11.0">>},1},
 {<<"cf">>,{pkg,<<"cf">>,<<"0.3.1">>},2},
 {<<"cowboy">>,{pkg,<<"cowboy">>,<<"2.10.0">>},1},
 {<<"cowlib">>,{pkg,<<"cowlib">>,<<"2.12.1">>},2},
 {<<"enotify">>,{pkg,<<"enotify">>,<<"0.1.0">>},1},
 {<<"eper">>,{pkg,<<"eper">>,<<"0.99.1">>},1},
 {<<"erlware_commons">>,{pkg,<<"erlware_commons">>,<<"1.6.0">>},1},
 {<<"gun">>,{pkg,<<"gun">>,<<"1.3.3">>},1},
 {<<"jsone">>,{pkg,<<"jsone">>,<<"1.8.0">>},1},
 {<<"meck">>,{pkg,<<"meck">>,<<"0.9.2">>},1},
 {<<"mimerl">>,{pkg,<<"mimerl">>,<<"1.2.0">>},1},
 {<<"nklib">>,
  {git,"https://github.com/VoiSmart/nklib",
       {ref,"9e587cf5314544bd2e9e55b1d0aedb55e5312718"}},
  0},
 {<<"nkpacket">>,
  {git,"https://github.com/VoiSmart/nkpacket",
       {ref,"298703316d4be81a1ca3868e67f39b56020040bf"}},
  0},
 {<<"nkserver">>,
  {git,"https://github.com/VoiSmart/nkserver",
       {ref,"5a6be0ef589399f4c475f25355769abd8c6fcd8c"}},
  0},
 {<<"parsexml">>,{pkg,<<"parsexml">>,<<"1.0.0">>},1},
 {<<"qdate">>,{pkg,<<"qdate">>,<<"0.7.0">>},1},
 {<<"qdate_localtime">>,{pkg,<<"qdate_localtime">>,<<"1.2.1">>},1},
 {<<"ranch">>,{pkg,<<"ranch">>,<<"1.8.0">>},2},
 {<<"recon">>,{pkg,<<"recon">>,<<"2.5.3">>},1},
 {<<"rfc3339">>,{pkg,<<"rfc3339">>,<<"0.9.0">>},1},
 {<<"ssl_verify_fun">>,{pkg,<<"ssl_verify_fun">>,<<"1.1.7">>},1},
 {<<"yamerl">>,{pkg,<<"yamerl">>,<<"0.10.0">>},1}]}.
[
{pkg_hash,[
 {<<"certifi">>, <<"5ADFE37CEB8569D019F836944AEAF27F8AC391DACAF3707F570C155B7E03AAA8">>},
 {<<"cf">>, <<"5CB902239476E141EA70A740340233782D363A31EEA8AD37049561542E6CD641">>},
 {<<"cowboy">>, <<"FF9FFEFF91DAE4AE270DD975642997AFE2A1179D94B1887863E43F681A203E26">>},
 {<<"cowlib">>, <<"A9FA9A625F1D2025FE6B462CB865881329B5CAFF8F1854D1CBC9F9533F00E1E1">>},
 {<<"enotify">>, <<"F6BF33AA7BC4789D953087E48C6ADBC6D9682B6D67E4BC353C2FDB96C5AC5595">>},
 {<<"eper">>, <<"A50698B6803B8732AD6575285320999FE73E160A1A9FF7EFCAB6B6F818BD2C1F">>},
 {<<"erlware_commons">>, <<"E0DA62F91E65DEFAE28BB450DDC3C24E85ECB99B926F857CDC6ED8E7DD7076B4">>},
 {<<"gun">>, <<"CF8B51BEB36C22B9C8DF1921E3F2BC4D2B1F68B49AD4FBC64E91875AA14E16B4">>},
 {<<"jsone">>, <<"347FF1FA700E182E1F9C5012FA6D737B12C854313B9AE6954CA75D3987D6C06D">>},
 {<<"meck">>, <<"85CCBAB053F1DB86C7CA240E9FC718170EE5BDA03810A6292B5306BF31BAE5F5">>},
 {<<"mimerl">>, <<"67E2D3F571088D5CFD3E550C383094B47159F3EEE8FFA08E64106CDF5E981BE3">>},
 {<<"parsexml">>, <<"62DB6B80C2F55F7C0A8CBCD124B34B8E1C29EDDCC88D13E170C3A1302A3E1E8D">>},
 {<<"qdate">>, <<"EBFFBE723E5290714ADCB74AFA1FBDB89DF152586B491F56306B29526D93975B">>},
 {<<"qdate_localtime">>, <<"72E1034DC6B7FEE8F588281EDDD0BD0DC5260005D758052F50634D265D382C18">>},
 {<<"ranch">>, <<"8C7A100A139FD57F17327B6413E4167AC559FBC04CA7448E9BE9057311597A1D">>},
 {<<"recon">>, <<"739107B9050EA683C30E96DE050BC59248FD27EC147696F79A8797FF9FA17153">>},
 {<<"rfc3339">>, <<"2075653DC9407541C84B1E15F8BDA2ABE95FB17C9694025E079583F2D19C1060">>},
 {<<"ssl_verify_fun">>, <<"354C321CF377240C7B8716899E182CE4890C5938111A1296ADD3EC74CF1715DF">>},
 {<<"yamerl">>, <<"4FF81FEE2F1F6A46F1700C0D880B24D193DDB74BD14EF42CB0BCF46E81EF2F8E">>}]},
{pkg_hash_ext,[
 {<<"certifi">>, <<"9E37E0542EC3FABAA19A0734B3900DC095797FAC48C40A2A9741D8AD5E3C9BB7">>},
 {<<"cf">>, <<"315E8D447D3A4B02BCDBFA397AD03BBB988A6E0AA6F44D3ADD0F4E3C3BF97672">>},
 {<<"cowboy">>, <<"3AFDCCB7183CC6F143CB14D3CF51FA00E53DB9EC80CDCD525482F5E99BC41D6B">>},
 {<<"cowlib">>, <<"163B73F6367A7341B33C794C4E88E7DBFE6498AC42DCD69EF44C5BC5507C8DB0">>},
 {<<"enotify">>, <<"8E48DA763CE15BFD75CC857DDFE5011B03189D597F47BCDD8ACC6FBBE8E6B6F4">>},
 {<<"eper">>, <<"1D2685445C401C4D91E23EA59B8FD327C29186DFB5F3B271D3C1EB73A3CBC9F3">>},
 {<<"erlware_commons">>, <<"B57C299C39A2992A8C413F9D2C1B8A20061310FB4432B0EEE5E4C4DF7AAA0AA3">>},
 {<<"gun">>, <<"3106CE167F9C9723F849E4FB54EA4A4D814E3996AE243A1C828B256E749041E0">>},
 {<<"jsone">>, <<"08560B78624A12E0B5E7EC0271EC8CA38EF51F63D84D84843473E14D9B12618C">>},
 {<<"meck">>, <<"81344F561357DC40A8344AFA53767C32669153355B626EA9FCBC8DA6B3045826">>},
 {<<"mimerl">>, <<"F278585650AA581986264638EBF698F8BB19DF297F66AD91B18910DFC6E19323">>},
 {<<"parsexml">>, <<"D7F678BE0D15A971927D9138C1CE962F81648F16E3233191CA37BA2638C06AC8">>},
 {<<"qdate">>, <<"4D053F50D29D508FAF74AB1CEEC035476987DB411694CDC87C23E2F7A5BE08DB">>},
 {<<"qdate_localtime">>, <<"1109958D205C65C595C8C5694CB83EBAF2DBE770CF902E4DCE8AFB2C4123764D">>},
 {<<"ranch">>, <<"49FBCFD3682FAB1F5D109351B61257676DA1A2FDBE295904176D5E521A2DDFE5">>},
 {<<"recon">>, <<"6C6683F46FD4A1DFD98404B9F78DCABC7FCD8826613A89DCB984727A8C3099D7">>},
 {<<"rfc3339">>, <<"182314DE35C9F4180B22EB5F22916D8D7A799C1109A060C752970273A9332AD6">>},
 {<<"ssl_verify_fun">>, <<"FE4C190E8F37401D30167C8C405EDA19469F34577987C76DDE613E838BBC67F8">>},
 {<<"yamerl">>, <<"346ADB2963F1051DC837A2364E4ACF6EB7D80097C0F53CBDC3046EC8EC4B4E6E">>}]}
].
